
Microsoft Visual Studio Solution File, Format Version 12.00
# Visual Studio Version 17
VisualStudioVersion = 17.9.34607.119
MinimumVisualStudioVersion = 10.0.40219.1
Project("{FAE04EC0-301F-11D3-BF4B-00C04F79EFBC}") = "GooglePlayAppsCLI", "GooglePlayAppsCLI\GooglePlayAppsCLI.csproj", "{92E2C170-5C87-4FC9-BC98-52B24862AE6B}"
EndProject
Project("{FAE04EC0-301F-11D3-BF4B-00C04F79EFBC}") = "GooglePlayAppsGUI", "GooglePlayAppsGUI\GooglePlayAppsGUI.csproj", "{70A7B277-AB50-49B9-B417-F25BDDFCC185}"
	ProjectSection(ProjectDependencies) = postProject
		{92E2C170-5C87-4FC9-BC98-52B24862AE6B} = {92E2C170-5C87-4FC9-BC98-52B24862AE6B}
	EndProjectSection
EndProject
Global
	GlobalSection(SolutionConfigurationPlatforms) = preSolution
		Debug|Any CPU = Debug|Any CPU
		Release|Any CPU = Release|Any CPU
	EndGlobalSection
	GlobalSection(ProjectConfigurationPlatforms) = postSolution
		{92E2C170-5C87-4FC9-BC98-52B24862AE6B}.Debug|Any CPU.ActiveCfg = Debug|Any CPU
		{92E2C170-5C87-4FC9-BC98-52B24862AE6B}.Debug|Any CPU.Build.0 = Debug|Any CPU
		{92E2C170-5C87-4FC9-BC98-52B24862AE6B}.Release|Any CPU.ActiveCfg = Release|Any CPU
		{92E2C170-5C87-4FC9-BC98-52B24862AE6B}.Release|Any CPU.Build.0 = Release|Any CPU
		{70A7B277-AB50-49B9-B417-F25BDDFCC185}.Debug|Any CPU.ActiveCfg = Debug|Any CPU
		{70A7B277-AB50-49B9-B417-F25BDDFCC185}.Debug|Any CPU.Build.0 = Debug|Any CPU
		{70A7B277-AB50-49B9-B417-F25BDDFCC185}.Release|Any CPU.ActiveCfg = Release|Any CPU
		{70A7B277-AB50-49B9-B417-F25BDDFCC185}.Release|Any CPU.Build.0 = Release|Any CPU
	EndGlobalSection
	GlobalSection(SolutionProperties) = preSolution
		HideSolutionNode = FALSE
	EndGlobalSection
	GlobalSection(ExtensibilityGlobals) = postSolution
		SolutionGuid = {E0E2E441-E49D-4274-AC39-950D183F2E54}
	EndGlobalSection
EndGlobal
